Microsoft Visual Studio Solution File, Format Version 11.00
# Visual Studio 2008

Project("{7D98EC69-D6DE-3783-D34F-CD915692EDA5}") = "Digitized", "Assembly-CSharp-firstpass.csproj", "{58F70180-D425-320A-7099-5DDAD1360AE9}"
EndProject
Project("{7D98EC69-D6DE-3783-D34F-CD915692EDA5}") = "Digitized", "Assembly-CSharp.csproj", "{36C0016D-084D-1017-B75B-23BD705FD0C6}"
EndProject
Project("{7D98EC69-D6DE-3783-D34F-CD915692EDA5}") = "Digitized", "Assembly-CSharp-Editor.csproj", "{A76FBFE9-42B3-A719-D166-14FCA87B9DB1}"
EndProject
Project("{7D98EC69-D6DE-3783-D34F-CD915692EDA5}") = "Digitized", "Assembly-UnityScript.unityproj", "{AB44E6D8-5941-B911-D52B-1B378466ED86}"
EndProject
Global
	GlobalSection(SolutionConfigurationPlatforms) = preSolution
		Debug|Any CPU = Debug|Any CPU
		Release|Any CPU = Release|Any CPU
	EndGlobalSection
	GlobalSection(ProjectConfigurationPlatforms) = postSolution
		{58F70180-D425-320A-7099-5DDAD1360AE9}.Debug|Any CPU.ActiveCfg = Debug|Any CPU
		{58F70180-D425-320A-7099-5DDAD1360AE9}.Debug|Any CPU.Build.0 = Debug|Any CPU
		{58F70180-D425-320A-7099-5DDAD1360AE9}.Release|Any CPU.ActiveCfg = Release|Any CPU
		{58F70180-D425-320A-7099-5DDAD1360AE9}.Release|Any CPU.Build.0 = Release|Any CPU
		{36C0016D-084D-1017-B75B-23BD705FD0C6}.Debug|Any CPU.ActiveCfg = Debug|Any CPU
		{36C0016D-084D-1017-B75B-23BD705FD0C6}.Debug|Any CPU.Build.0 = Debug|Any CPU
		{36C0016D-084D-1017-B75B-23BD705FD0C6}.Release|Any CPU.ActiveCfg = Release|Any CPU
		{36C0016D-084D-1017-B75B-23BD705FD0C6}.Release|Any CPU.Build.0 = Release|Any CPU
		{A76FBFE9-42B3-A719-D166-14FCA87B9DB1}.Debug|Any CPU.ActiveCfg = Debug|Any CPU
		{A76FBFE9-42B3-A719-D166-14FCA87B9DB1}.Debug|Any CPU.Build.0 = Debug|Any CPU
		{A76FBFE9-42B3-A719-D166-14FCA87B9DB1}.Release|Any CPU.ActiveCfg = Release|Any CPU
		{A76FBFE9-42B3-A719-D166-14FCA87B9DB1}.Release|Any CPU.Build.0 = Release|Any CPU
		{AB44E6D8-5941-B911-D52B-1B378466ED86}.Debug|Any CPU.ActiveCfg = Debug|Any CPU
		{AB44E6D8-5941-B911-D52B-1B378466ED86}.Debug|Any CPU.Build.0 = Debug|Any CPU
		{AB44E6D8-5941-B911-D52B-1B378466ED86}.Release|Any CPU.ActiveCfg = Release|Any CPU
		{AB44E6D8-5941-B911-D52B-1B378466ED86}.Release|Any CPU.Build.0 = Release|Any CPU
	EndGlobalSection
	GlobalSection(SolutionProperties) = preSolution
		HideSolutionNode = FALSE
	EndGlobalSection
	GlobalSection(MonoDevelopProperties) = preSolution
		StartupItem = Assembly-CSharp.csproj
	EndGlobalSection
EndGlobal
