
Microsoft Visual Studio Solution File, Format Version 12.00
# Visual Studio 2017
Project("{FAE04EC0-301F-11D3-BF4B-00C04F79EFBC}") = "Digitized.Plugins", "Digitized.Plugins.csproj", "{DC0A20DD-BA92-2820-8CF7-1805D77D3EF6}"
EndProject
Project("{FAE04EC0-301F-11D3-BF4B-00C04F79EFBC}") = "Digitized", "Digitized.csproj", "{D91FB30C-45A0-57E3-1001-095E4EC8B660}"
EndProject
Project("{FAE04EC0-301F-11D3-BF4B-00C04F79EFBC}") = "Digitized.Editor", "Digitized.Editor.csproj", "{7C35AF8D-00D1-11EF-FF86-A14EA617DA9B}"
EndProject
Global
	GlobalSection(SolutionConfigurationPlatforms) = preSolution
		Debug|Any CPU = Debug|Any CPU
		Release|Any CPU = Release|Any CPU
	EndGlobalSection
	GlobalSection(ProjectConfigurationPlatforms) = postSolution
		{DC0A20DD-BA92-2820-8CF7-1805D77D3EF6}.Debug|Any CPU.ActiveCfg = Debug|Any CPU
		{DC0A20DD-BA92-2820-8CF7-1805D77D3EF6}.Debug|Any CPU.Build.0 = Debug|Any CPU
		{DC0A20DD-BA92-2820-8CF7-1805D77D3EF6}.Release|Any CPU.ActiveCfg = Release|Any CPU
		{DC0A20DD-BA92-2820-8CF7-1805D77D3EF6}.Release|Any CPU.Build.0 = Release|Any CPU
		{D91FB30C-45A0-57E3-1001-095E4EC8B660}.Debug|Any CPU.ActiveCfg = Debug|Any CPU
		{D91FB30C-45A0-57E3-1001-095E4EC8B660}.Debug|Any CPU.Build.0 = Debug|Any CPU
		{D91FB30C-45A0-57E3-1001-095E4EC8B660}.Release|Any CPU.ActiveCfg = Release|Any CPU
		{D91FB30C-45A0-57E3-1001-095E4EC8B660}.Release|Any CPU.Build.0 = Release|Any CPU
		{7C35AF8D-00D1-11EF-FF86-A14EA617DA9B}.Debug|Any CPU.ActiveCfg = Debug|Any CPU
		{7C35AF8D-00D1-11EF-FF86-A14EA617DA9B}.Debug|Any CPU.Build.0 = Debug|Any CPU
		{7C35AF8D-00D1-11EF-FF86-A14EA617DA9B}.Release|Any CPU.ActiveCfg = Release|Any CPU
		{7C35AF8D-00D1-11EF-FF86-A14EA617DA9B}.Release|Any CPU.Build.0 = Release|Any CPU
	EndGlobalSection
	GlobalSection(SolutionProperties) = preSolution
		HideSolutionNode = FALSE
	EndGlobalSection
EndGlobal
